
Microsoft Visual Studio Solution File, Format Version 12.00
# Visual Studio Version 17
VisualStudioVersion = 17.5.33627.172
MinimumVisualStudioVersion = 10.0.40219.1
Project("{FAE04EC0-301F-11D3-BF4B-00C04F79EFBC}") = "Lab", "Lab\Lab.csproj", "{99A3C641-216A-4E60-9F84-39AC5EDE76B7}"
EndProject
Global
	GlobalSection(SolutionConfigurationPlatforms) = preSolution
		Debug|Any CPU = Debug|Any CPU
		Release|Any CPU = Release|Any CPU
	EndGlobalSection
	GlobalSection(ProjectConfigurationPlatforms) = postSolution
		{99A3C641-216A-4E60-9F84-39AC5EDE76B7}.Debug|Any CPU.ActiveCfg = Debug|Any CPU
		{99A3C641-216A-4E60-9F84-39AC5EDE76B7}.Debug|Any CPU.Build.0 = Debug|Any CPU
		{99A3C641-216A-4E60-9F84-39AC5EDE76B7}.Release|Any CPU.ActiveCfg = Release|Any CPU
		{99A3C641-216A-4E60-9F84-39AC5EDE76B7}.Release|Any CPU.Build.0 = Release|Any CPU
	EndGlobalSection
	GlobalSection(SolutionProperties) = preSolution
		HideSolutionNode = FALSE
	EndGlobalSection
	GlobalSection(ExtensibilityGlobals) = postSolution
		SolutionGuid = {46D81831-CFAD-457B-948B-A413411CE5BF}
	EndGlobalSection
EndGlobal
